
Microsoft Visual Studio Solution File, Format Version 12.00
# Visual Studio Version 17
VisualStudioVersion = 17.6.33723.286
MinimumVisualStudioVersion = 10.0.40219.1
Project("{FAE04EC0-301F-11D3-BF4B-00C04F79EFBC}") = "API", "API\API.csproj", "{2CABA5B1-3528-4834-8C3B-D5B9150C8C3D}"
EndProject
Global
	GlobalSection(SolutionConfigurationPlatforms) = preSolution
		Debug|Any CPU = Debug|Any CPU
		Release|Any CPU = Release|Any CPU
	EndGlobalSection
	GlobalSection(ProjectConfigurationPlatforms) = postSolution
		{2CABA5B1-3528-4834-8C3B-D5B9150C8C3D}.Debug|Any CPU.ActiveCfg = Debug|Any CPU
		{2CABA5B1-3528-4834-8C3B-D5B9150C8C3D}.Debug|Any CPU.Build.0 = Debug|Any CPU
		{2CABA5B1-3528-4834-8C3B-D5B9150C8C3D}.Release|Any CPU.ActiveCfg = Release|Any CPU
		{2CABA5B1-3528-4834-8C3B-D5B9150C8C3D}.Release|Any CPU.Build.0 = Release|Any CPU
	EndGlobalSection
	GlobalSection(SolutionProperties) = preSolution
		HideSolutionNode = FALSE
	EndGlobalSection
	GlobalSection(ExtensibilityGlobals) = postSolution
		SolutionGuid = {3026B026-20BA-464E-A495-39967C3AFF12}
	EndGlobalSection
EndGlobal
